
Microsoft Visual Studio Solution File, Format Version 12.00
# Visual Studio 15
VisualStudioVersion = 15.0.28010.2003
MinimumVisualStudioVersion = 10.0.40219.1
Project("{9A19103F-16F7-4668-BE54-9A1E7A4F7556}") = "FinalApp", "FinalApp\FinalApp.csproj", "{84976631-F48F-41F8-ADE5-A83C4D0FC37E}"
EndProject
Project("{9A19103F-16F7-4668-BE54-9A1E7A4F7556}") = "FinalAppTest", "..\FinalAppTest\FinalAppTest.csproj", "{FDDAA0F1-3FF5-4A35-9761-9B05A0E3063F}"
EndProject
Global
	GlobalSection(SolutionConfigurationPlatforms) = preSolution
		Debug|Any CPU = Debug|Any CPU
		Release|Any CPU = Release|Any CPU
	EndGlobalSection
	GlobalSection(ProjectConfigurationPlatforms) = postSolution
		{84976631-F48F-41F8-ADE5-A83C4D0FC37E}.Debug|Any CPU.ActiveCfg = Debug|Any CPU
		{84976631-F48F-41F8-ADE5-A83C4D0FC37E}.Debug|Any CPU.Build.0 = Debug|Any CPU
		{84976631-F48F-41F8-ADE5-A83C4D0FC37E}.Release|Any CPU.ActiveCfg = Release|Any CPU
		{84976631-F48F-41F8-ADE5-A83C4D0FC37E}.Release|Any CPU.Build.0 = Release|Any CPU
		{FDDAA0F1-3FF5-4A35-9761-9B05A0E3063F}.Debug|Any CPU.ActiveCfg = Debug|Any CPU
		{FDDAA0F1-3FF5-4A35-9761-9B05A0E3063F}.Debug|Any CPU.Build.0 = Debug|Any CPU
		{FDDAA0F1-3FF5-4A35-9761-9B05A0E3063F}.Release|Any CPU.ActiveCfg = Release|Any CPU
		{FDDAA0F1-3FF5-4A35-9761-9B05A0E3063F}.Release|Any CPU.Build.0 = Release|Any CPU
	EndGlobalSection
	GlobalSection(SolutionProperties) = preSolution
		HideSolutionNode = FALSE
	EndGlobalSection
	GlobalSection(ExtensibilityGlobals) = postSolution
		SolutionGuid = {D1248BF9-EF57-4D86-9814-AC6D3138D296}
	EndGlobalSection
EndGlobal
